
Microsoft Visual Studio Solution File, Format Version 12.00
# Visual Studio Version 17
VisualStudioVersion = 17.2.32526.322
MinimumVisualStudioVersion = 10.0.40219.1
Project("{9A19103F-16F7-4668-BE54-9A1E7A4F7556}") = "SimpleDelete", "SimpleDelete\SimpleDelete.csproj", "{59A5893A-AB39-4D59-B4DF-979C4709E091}"
EndProject
Project("{FAE04EC0-301F-11D3-BF4B-00C04F79EFBC}") = "SimpleDelete.Tests", "SimpleDelete.Tests\SimpleDelete.Tests.csproj", "{B798D825-DDF7-44D3-AC2B-8FFA44D6F2BD}"
EndProject
Global
	GlobalSection(SolutionConfigurationPlatforms) = preSolution
		Debug|Any CPU = Debug|Any CPU
		Release|Any CPU = Release|Any CPU
	EndGlobalSection
	GlobalSection(ProjectConfigurationPlatforms) = postSolution
		{59A5893A-AB39-4D59-B4DF-979C4709E091}.Debug|Any CPU.ActiveCfg = Debug|Any CPU
		{59A5893A-AB39-4D59-B4DF-979C4709E091}.Debug|Any CPU.Build.0 = Debug|Any CPU
		{59A5893A-AB39-4D59-B4DF-979C4709E091}.Release|Any CPU.ActiveCfg = Release|Any CPU
		{59A5893A-AB39-4D59-B4DF-979C4709E091}.Release|Any CPU.Build.0 = Release|Any CPU
		{B798D825-DDF7-44D3-AC2B-8FFA44D6F2BD}.Debug|Any CPU.ActiveCfg = Debug|Any CPU
		{B798D825-DDF7-44D3-AC2B-8FFA44D6F2BD}.Debug|Any CPU.Build.0 = Debug|Any CPU
		{B798D825-DDF7-44D3-AC2B-8FFA44D6F2BD}.Release|Any CPU.ActiveCfg = Release|Any CPU
		{B798D825-DDF7-44D3-AC2B-8FFA44D6F2BD}.Release|Any CPU.Build.0 = Release|Any CPU
	EndGlobalSection
	GlobalSection(SolutionProperties) = preSolution
		HideSolutionNode = FALSE
	EndGlobalSection
	GlobalSection(ExtensibilityGlobals) = postSolution
		SolutionGuid = {3AD35D25-6E67-4B70-BF6E-BBEAAD91D1C2}
	EndGlobalSection
EndGlobal
